
Microsoft Visual Studio Solution File, Format Version 12.00
# Visual Studio 14
VisualStudioVersion = 14.0.25123.0
MinimumVisualStudioVersion = 10.0.40219.1
Project("{FAE04EC0-301F-11D3-BF4B-00C04F79EFBC}") = "RachelsRoses2.0WebPages", "RachelsRoses2.0WebPages\RachelsRoses2.0WebPages.csproj", "{BFBFBD35-1111-4BCA-B684-296E43D6C12B}"
EndProject
Global
	GlobalSection(SolutionConfigurationPlatforms) = preSolution
		Debug|Any CPU = Debug|Any CPU
		Release|Any CPU = Release|Any CPU
	EndGlobalSection
	GlobalSection(ProjectConfigurationPlatforms) = postSolution
		{BFBFBD35-1111-4BCA-B684-296E43D6C12B}.Debug|Any CPU.ActiveCfg = Debug|Any CPU
		{BFBFBD35-1111-4BCA-B684-296E43D6C12B}.Debug|Any CPU.Build.0 = Debug|Any CPU
		{BFBFBD35-1111-4BCA-B684-296E43D6C12B}.Release|Any CPU.ActiveCfg = Release|Any CPU
		{BFBFBD35-1111-4BCA-B684-296E43D6C12B}.Release|Any CPU.Build.0 = Release|Any CPU
	EndGlobalSection
	GlobalSection(SolutionProperties) = preSolution
		HideSolutionNode = FALSE
	EndGlobalSection
EndGlobal
